
Microsoft Visual Studio Solution File, Format Version 12.00
# Visual Studio Version 17
VisualStudioVersion = 17.14.36414.22 d17.14
MinimumVisualStudioVersion = 10.0.40219.1
Project("{FAE04EC0-301F-11D3-BF4B-00C04F79EFBC}") = "ProdutosAPI", "ProdutosAPI\ProdutosAPI.csproj", "{6938A21B-FD8D-4CCA-AD8B-3B81BC53AE83}"
EndProject
Global
	GlobalSection(SolutionConfigurationPlatforms) = preSolution
		Debug|Any CPU = Debug|Any CPU
		Release|Any CPU = Release|Any CPU
	EndGlobalSection
	GlobalSection(ProjectConfigurationPlatforms) = postSolution
		{6938A21B-FD8D-4CCA-AD8B-3B81BC53AE83}.Debug|Any CPU.ActiveCfg = Debug|Any CPU
		{6938A21B-FD8D-4CCA-AD8B-3B81BC53AE83}.Debug|Any CPU.Build.0 = Debug|Any CPU
		{6938A21B-FD8D-4CCA-AD8B-3B81BC53AE83}.Release|Any CPU.ActiveCfg = Release|Any CPU
		{6938A21B-FD8D-4CCA-AD8B-3B81BC53AE83}.Release|Any CPU.Build.0 = Release|Any CPU
	EndGlobalSection
	GlobalSection(SolutionProperties) = preSolution
		HideSolutionNode = FALSE
	EndGlobalSection
	GlobalSection(ExtensibilityGlobals) = postSolution
		SolutionGuid = {650B5445-4BD8-4ED1-831B-B8209448588E}
	EndGlobalSection
EndGlobal
