
Microsoft Visual Studio Solution File, Format Version 12.00
# Visual Studio Version 17
VisualStudioVersion = 17.14.36811.4 d17.14
MinimumVisualStudioVersion = 10.0.40219.1
Project("{FAE04EC0-301F-11D3-BF4B-00C04F79EFBC}") = "WorkerService", "WorkerService.csproj", "{2A962EE0-949C-494A-96FA-172B57399362}"
EndProject
Global
	GlobalSection(SolutionConfigurationPlatforms) = preSolution
		Debug|Any CPU = Debug|Any CPU
		Release|Any CPU = Release|Any CPU
	EndGlobalSection
	GlobalSection(ProjectConfigurationPlatforms) = postSolution
		{2A962EE0-949C-494A-96FA-172B57399362}.Debug|Any CPU.ActiveCfg = Debug|Any CPU
		{2A962EE0-949C-494A-96FA-172B57399362}.Debug|Any CPU.Build.0 = Debug|Any CPU
		{2A962EE0-949C-494A-96FA-172B57399362}.Release|Any CPU.ActiveCfg = Release|Any CPU
		{2A962EE0-949C-494A-96FA-172B57399362}.Release|Any CPU.Build.0 = Release|Any CPU
	EndGlobalSection
	GlobalSection(SolutionProperties) = preSolution
		HideSolutionNode = FALSE
	EndGlobalSection
	GlobalSection(ExtensibilityGlobals) = postSolution
		SolutionGuid = {621C7BA2-710A-43E7-9FED-B7DA311803FE}
	EndGlobalSection
EndGlobal
